
Microsoft Visual Studio Solution File, Format Version 12.00
# Visual Studio 14
VisualStudioVersion = 14.0.24720.0
MinimumVisualStudioVersion = 10.0.40219.1
Project("{8BC9CEB8-8B4A-11D0-8D11-00A0C91BC942}") = "nJinnVk", "nJinnVk\nJinnVk.vcxproj", "{D3F391DC-A6A9-4784-AED2-4CFD92C506A3}"
EndProject
Project("{8BC9CEB8-8B4A-11D0-8D11-00A0C91BC942}") = "nJinnVkTest", "nJinnVkTest\nJinnVkTest.vcxproj", "{1264810D-1410-44E8-8FA2-8264BE5F6306}"
EndProject
Project("{8BC9CEB8-8B4A-11D0-8D11-00A0C91BC942}") = "meshConverterLib", "meshConverterLib\meshConverterLib.vcxproj", "{C79FFB2A-7640-4FEA-9CBF-16C147B50F1D}"
EndProject
Global
	GlobalSection(SolutionConfigurationPlatforms) = preSolution
		Debug|x64 = Debug|x64
		Release|x64 = Release|x64
	EndGlobalSection
	GlobalSection(ProjectConfigurationPlatforms) = postSolution
		{D3F391DC-A6A9-4784-AED2-4CFD92C506A3}.Debug|x64.ActiveCfg = Debug|x64
		{D3F391DC-A6A9-4784-AED2-4CFD92C506A3}.Debug|x64.Build.0 = Debug|x64
		{D3F391DC-A6A9-4784-AED2-4CFD92C506A3}.Release|x64.ActiveCfg = Release|x64
		{D3F391DC-A6A9-4784-AED2-4CFD92C506A3}.Release|x64.Build.0 = Release|x64
		{1264810D-1410-44E8-8FA2-8264BE5F6306}.Debug|x64.ActiveCfg = Debug|x64
		{1264810D-1410-44E8-8FA2-8264BE5F6306}.Debug|x64.Build.0 = Debug|x64
		{1264810D-1410-44E8-8FA2-8264BE5F6306}.Release|x64.ActiveCfg = Release|x64
		{1264810D-1410-44E8-8FA2-8264BE5F6306}.Release|x64.Build.0 = Release|x64
		{C79FFB2A-7640-4FEA-9CBF-16C147B50F1D}.Debug|x64.ActiveCfg = Debug|x64
		{C79FFB2A-7640-4FEA-9CBF-16C147B50F1D}.Debug|x64.Build.0 = Debug|x64
		{C79FFB2A-7640-4FEA-9CBF-16C147B50F1D}.Release|x64.ActiveCfg = Release|x64
		{C79FFB2A-7640-4FEA-9CBF-16C147B50F1D}.Release|x64.Build.0 = Release|x64
	EndGlobalSection
	GlobalSection(SolutionProperties) = preSolution
		HideSolutionNode = FALSE
	EndGlobalSection
EndGlobal
